Microsoft Visual Studio Solution File, Format Version 12.00
# Visual Studio Version 17
VisualStudioVersion = 17.5.2.0
MinimumVisualStudioVersion = 10.0.40219.1
Project("{2150E333-8FDC-42A3-9474-1A3956D46DE8}") = "cli", "cli", "{342A349A-D343-8551-4064-2E2800C39E13}"
EndProject
Project("{FAE04EC0-301F-11D3-BF4B-00C04F79EFBC}") = "iptv", "cli\iptv\iptv.csproj", "{0AA06537-FB9E-E0B1-74B0-601030C4EC8A}"
EndProject
Global
	GlobalSection(SolutionConfigurationPlatforms) = preSolution
		Debug|Any CPU = Debug|Any CPU
		Release|Any CPU = Release|Any CPU
	EndGlobalSection
	GlobalSection(ProjectConfigurationPlatforms) = postSolution
		{0AA06537-FB9E-E0B1-74B0-601030C4EC8A}.Debug|Any CPU.ActiveCfg = Debug|Any CPU
		{0AA06537-FB9E-E0B1-74B0-601030C4EC8A}.Debug|Any CPU.Build.0 = Debug|Any CPU
		{0AA06537-FB9E-E0B1-74B0-601030C4EC8A}.Release|Any CPU.ActiveCfg = Release|Any CPU
		{0AA06537-FB9E-E0B1-74B0-601030C4EC8A}.Release|Any CPU.Build.0 = Release|Any CPU
	EndGlobalSection
	GlobalSection(SolutionProperties) = preSolution
		HideSolutionNode = FALSE
	EndGlobalSection
	GlobalSection(NestedProjects) = preSolution
		{0AA06537-FB9E-E0B1-74B0-601030C4EC8A} = {342A349A-D343-8551-4064-2E2800C39E13}
	EndGlobalSection
	GlobalSection(ExtensibilityGlobals) = postSolution
		SolutionGuid = {86CF92E2-6045-4B96-95E8-EB7D9D8608A9}
	EndGlobalSection
EndGlobal
